// !$*UTF8*$!
{ archiveVersion = 1; classes = {}; objectVersion = 56; objects = {
0000000000000000000003E8 = { isa = PBXFileReference; lastKnownFileType = sourcecode.swift; path = Tests/E2ETerminalTests.swift; sourceTree = "<group>"; };
00000000000000000000044C = { isa = PBXNativeTarget; buildConfigurationList = 00000000000000000000044D; buildPhases = (00000000000000000000044E,00000000000000000000044F); buildRules = (); dependencies = (000000000000000000000454); name = "FlowSplicePTY-iOSUITests"; productName = "FlowSplicePTY-iOSUITests"; productReference = 000000000000000000000450; productType = "com.apple.product-type.bundle.ui-testing"; };
000000000000000000000450 = { isa = PBXFileReference; explicitFileType = wrapper.cfbundle; path = "FlowSplicePTY-iOSUITests.xctest"; sourceTree = BUILT_PRODUCTS_DIR; };
00000000000000000000044E = { isa = PBXSourcesBuildPhase; buildActionMask = 2147483647; files = (000000000000000000000453); runOnlyForDeploymentPostprocessing = 0; };
00000000000000000000044F = { isa = PBXFrameworksBuildPhase; buildActionMask = 2147483647; files = (); runOnlyForDeploymentPostprocessing = 0; };
000000000000000000000453 = { isa = PBXBuildFile; fileRef = 0000000000000000000003E8; };
000000000000000000000454 = { isa = PBXTargetDependency; target = 000000000000000000000014; targetProxy = 000000000000000000000455; };
000000000000000000000455 = { isa = PBXContainerItemProxy; containerPortal = 000000000000000000000001; proxyType = 1; remoteGlobalIDString = 000000000000000000000014; remoteInfo = "FlowSplicePTY-iOS"; };
000000000000000000000451 = { isa = XCBuildConfiguration; name = Debug; buildSettings = { SWIFT_ACTIVE_COMPILATION_CONDITIONS = DEBUG; PRODUCT_NAME = "$(TARGET_NAME)"; PRODUCT_BUNDLE_IDENTIFIER = io.zxf.flowsplice.pty.uitests; SDKROOT = iphoneos; ARCHS = arm64; ONLY_ACTIVE_ARCH = YES; SWIFT_VERSION = 5.0; GENERATE_INFOPLIST_FILE = YES; CODE_SIGN_STYLE = Automatic; TEST_TARGET_NAME = "FlowSplicePTY-iOS"; SWIFT_OPTIMIZATION_LEVEL = "-Onone"; IPHONEOS_DEPLOYMENT_TARGET = 17.0; TARGETED_DEVICE_FAMILY = "1,2"; SUPPORTED_PLATFORMS = "iphoneos iphonesimulator"; }; };
000000000000000000000452 = { isa = XCBuildConfiguration; name = Release; buildSettings = { PRODUCT_NAME = "$(TARGET_NAME)"; PRODUCT_BUNDLE_IDENTIFIER = io.zxf.flowsplice.pty.uitests; SDKROOT = iphoneos; ARCHS = arm64; ONLY_ACTIVE_ARCH = YES; SWIFT_VERSION = 5.0; GENERATE_INFOPLIST_FILE = YES; CODE_SIGN_STYLE = Automatic; TEST_TARGET_NAME = "FlowSplicePTY-iOS"; SWIFT_OPTIMIZATION_LEVEL = "-Onone"; IPHONEOS_DEPLOYMENT_TARGET = 17.0; TARGETED_DEVICE_FAMILY = "1,2"; SUPPORTED_PLATFORMS = "iphoneos iphonesimulator"; }; };
00000000000000000000044D = { isa = XCConfigurationList; buildConfigurations = (000000000000000000000451,000000000000000000000452); defaultConfigurationIsVisible = 0; defaultConfigurationName = Release; };
0000000000000000000004B0 = { isa = PBXNativeTarget; buildConfigurationList = 0000000000000000000004B1; buildPhases = (0000000000000000000004B2,0000000000000000000004B3); buildRules = (); dependencies = (0000000000000000000004B8); name = "FlowSplicePTY-macOSUITests"; productName = "FlowSplicePTY-macOSUITests"; productReference = 0000000000000000000004B4; productType = "com.apple.product-type.bundle.ui-testing"; };
0000000000000000000004B4 = { isa = PBXFileReference; explicitFileType = wrapper.cfbundle; path = "FlowSplicePTY-macOSUITests.xctest"; sourceTree = BUILT_PRODUCTS_DIR; };
0000000000000000000004B2 = { isa = PBXSourcesBuildPhase; buildActionMask = 2147483647; files = (0000000000000000000004B7); runOnlyForDeploymentPostprocessing = 0; };
0000000000000000000004B3 = { isa = PBXFrameworksBuildPhase; buildActionMask = 2147483647; files = (); runOnlyForDeploymentPostprocessing = 0; };
0000000000000000000004B7 = { isa = PBXBuildFile; fileRef = 0000000000000000000003E8; };
0000000000000000000004B8 = { isa = PBXTargetDependency; target = 000000000000000000000028; targetProxy = 0000000000000000000004B9; };
0000000000000000000004B9 = { isa = PBXContainerItemProxy; containerPortal = 000000000000000000000001; proxyType = 1; remoteGlobalIDString = 000000000000000000000028; remoteInfo = "FlowSplicePTY-macOS"; };
0000000000000000000004B5 = { isa = XCBuildConfiguration; name = Debug; buildSettings = { SWIFT_ACTIVE_COMPILATION_CONDITIONS = DEBUG; PRODUCT_NAME = "$(TARGET_NAME)"; PRODUCT_BUNDLE_IDENTIFIER = io.zxf.flowsplice.pty.macos.uitests; SDKROOT = macosx; ARCHS = arm64; ONLY_ACTIVE_ARCH = YES; SWIFT_VERSION = 5.0; GENERATE_INFOPLIST_FILE = YES; CODE_SIGN_STYLE = Automatic; TEST_TARGET_NAME = "FlowSplicePTY-macOS"; SWIFT_OPTIMIZATION_LEVEL = "-Onone"; MACOSX_DEPLOYMENT_TARGET = 14.0; SUPPORTED_PLATFORMS = macosx; }; };
0000000000000000000004B6 = { isa = XCBuildConfiguration; name = Release; buildSettings = { PRODUCT_NAME = "$(TARGET_NAME)"; PRODUCT_BUNDLE_IDENTIFIER = io.zxf.flowsplice.pty.macos.uitests; SDKROOT = macosx; ARCHS = arm64; ONLY_ACTIVE_ARCH = YES; SWIFT_VERSION = 5.0; GENERATE_INFOPLIST_FILE = YES; CODE_SIGN_STYLE = Automatic; TEST_TARGET_NAME = "FlowSplicePTY-macOS"; SWIFT_OPTIMIZATION_LEVEL = "-Onone"; MACOSX_DEPLOYMENT_TARGET = 14.0; SUPPORTED_PLATFORMS = macosx; }; };
0000000000000000000004B1 = { isa = XCConfigurationList; buildConfigurations = (0000000000000000000004B5,0000000000000000000004B6); defaultConfigurationIsVisible = 0; defaultConfigurationName = Release; };
000000000000000000000501 = { isa = PBXFileReference; lastKnownFileType = sourcecode.swift; path = Sources/WorkspaceStore.swift; sourceTree = "<group>"; };
000000000000000000000502 = { isa = PBXBuildFile; fileRef = 000000000000000000000501; };
000000000000000000000503 = { isa = PBXBuildFile; fileRef = 000000000000000000000501; };
00000000000000000000000A = { isa = PBXFileReference; lastKnownFileType = sourcecode.swift; path = Sources/App.swift; sourceTree = "<group>"; };
00000000000000000000000B = { isa = PBXFileReference; lastKnownFileType = sourcecode.swift; path = Sources/TerminalHost.swift; sourceTree = "<group>"; };
00000000000000000000000C = { isa = PBXFileReference; lastKnownFileType = sourcecode.swift; path = Sources/LocalOrigin.swift; sourceTree = "<group>"; };
00000000000000000000000D = { isa = PBXFileReference; lastKnownFileType = folder.assetcatalog; path = Assets.xcassets; sourceTree = "<group>"; };
000000000000000000000002 = { isa = PBXGroup; children = (000000000000000000000501,00000000000000000000000D,0000000000000000000003E8,00000000000000000000000A,00000000000000000000000B,00000000000000000000000C,000000000000000000000003); sourceTree = "<group>"; };
000000000000000000000003 = { isa = PBXGroup; children = (0000000000000000000004B4,000000000000000000000450,00000000000000000000001E,000000000000000000000032); name = Products; sourceTree = "<group>"; };
000000000000000000000014 = { isa = PBXNativeTarget; buildConfigurationList = 000000000000000000000015; buildPhases = (000000000000000000000016,000000000000000000000017,000000000000000000000018,000000000000000000000022); buildRules = (); dependencies = (); name = "FlowSplicePTY-iOS"; productName = FlowSplicePTY; productReference = 00000000000000000000001E; productType = "com.apple.product-type.application"; };
00000000000000000000001E = { isa = PBXFileReference; explicitFileType = wrapper.application; path = FlowSplicePTY.app; sourceTree = BUILT_PRODUCTS_DIR; };
000000000000000000000016 = { isa = PBXShellScriptBuildPhase; alwaysOutOfDate = 1; buildActionMask = 2147483647; files = (); inputPaths = (); outputPaths = (); runOnlyForDeploymentPostprocessing = 0; shellPath = /bin/bash; shellScript = "\"${SRCROOT}/scripts/build-rust-apple.sh\""; };
00000000000000000000001F = { isa = PBXBuildFile; fileRef = 00000000000000000000000A; };
000000000000000000000020 = { isa = PBXBuildFile; fileRef = 00000000000000000000000B; };
000000000000000000000021 = { isa = PBXBuildFile; fileRef = 00000000000000000000000C; };
000000000000000000000017 = { isa = PBXSourcesBuildPhase; buildActionMask = 2147483647; files = (000000000000000000000502,00000000000000000000001F,000000000000000000000020,000000000000000000000021); runOnlyForDeploymentPostprocessing = 0; };
000000000000000000000018 = { isa = PBXFrameworksBuildPhase; buildActionMask = 2147483647; files = (); runOnlyForDeploymentPostprocessing = 0; };
000000000000000000000019 = { isa = XCBuildConfiguration; buildSettings = { ASSETCATALOG_COMPILER_APPICON_NAME = "AppIcon-iOS"; SWIFT_ACTIVE_COMPILATION_CONDITIONS = DEBUG; PRODUCT_NAME = FlowSplicePTY; PRODUCT_BUNDLE_IDENTIFIER = io.zxf.flowsplice.pty; SDKROOT = iphoneos; ARCHS = arm64; ONLY_ACTIVE_ARCH = YES; SWIFT_VERSION = 5.0; GENERATE_INFOPLIST_FILE = YES; INFOPLIST_KEY_CFBundleDisplayName = "FlowSplice PTY"; INFOPLIST_KEY_NSLocalNetworkUsageDescription = "连接您指定的 Relay 和远程终端服务。"; MARKETING_VERSION = 0.4.0; CURRENT_PROJECT_VERSION = 2; CODE_SIGN_STYLE = Automatic; ENABLE_USER_SCRIPT_SANDBOXING = NO; SWIFT_OBJC_BRIDGING_HEADER = "$(SRCROOT)/Sources/Bridge.h"; LIBRARY_SEARCH_PATHS = ("$(inherited)","$(BUILT_PRODUCTS_DIR)/rust"); OTHER_LDFLAGS = ("$(inherited)","-lflowsplice_pty_native","-framework",Security,"-framework",SystemConfiguration,"-framework",CoreFoundation,"-lc++"); SWIFT_OPTIMIZATION_LEVEL = "-Onone"; IPHONEOS_DEPLOYMENT_TARGET = 17.0; TARGETED_DEVICE_FAMILY = "1,2"; SUPPORTED_PLATFORMS = "iphoneos iphonesimulator"; INFOPLIST_FILE = "$(SRCROOT)/Sources/Info-iOS.plist"; }; name = Debug; };
00000000000000000000001A = { isa = XCBuildConfiguration; buildSettings = { ASSETCATALOG_COMPILER_APPICON_NAME = "AppIcon-iOS"; PRODUCT_NAME = FlowSplicePTY; PRODUCT_BUNDLE_IDENTIFIER = io.zxf.flowsplice.pty; SDKROOT = iphoneos; ARCHS = arm64; ONLY_ACTIVE_ARCH = YES; SWIFT_VERSION = 5.0; GENERATE_INFOPLIST_FILE = YES; INFOPLIST_KEY_CFBundleDisplayName = "FlowSplice PTY"; INFOPLIST_KEY_NSLocalNetworkUsageDescription = "连接您指定的 Relay 和远程终端服务。"; MARKETING_VERSION = 0.4.0; CURRENT_PROJECT_VERSION = 2; CODE_SIGN_STYLE = Automatic; ENABLE_USER_SCRIPT_SANDBOXING = NO; SWIFT_OBJC_BRIDGING_HEADER = "$(SRCROOT)/Sources/Bridge.h"; LIBRARY_SEARCH_PATHS = ("$(inherited)","$(BUILT_PRODUCTS_DIR)/rust"); OTHER_LDFLAGS = ("$(inherited)","-lflowsplice_pty_native","-framework",Security,"-framework",SystemConfiguration,"-framework",CoreFoundation,"-lc++"); SWIFT_OPTIMIZATION_LEVEL = "-O"; IPHONEOS_DEPLOYMENT_TARGET = 17.0; TARGETED_DEVICE_FAMILY = "1,2"; SUPPORTED_PLATFORMS = "iphoneos iphonesimulator"; INFOPLIST_FILE = "$(SRCROOT)/Sources/Info-iOS.plist"; }; name = Release; };
000000000000000000000015 = { isa = XCConfigurationList; buildConfigurations = (000000000000000000000019,00000000000000000000001A); defaultConfigurationIsVisible = 0; defaultConfigurationName = Release; };
000000000000000000000028 = { isa = PBXNativeTarget; buildConfigurationList = 000000000000000000000029; buildPhases = (00000000000000000000002A,00000000000000000000002B,00000000000000000000002C,000000000000000000000036); buildRules = (); dependencies = (); name = "FlowSplicePTY-macOS"; productName = FlowSplicePTY; productReference = 000000000000000000000032; productType = "com.apple.product-type.application"; };
000000000000000000000032 = { isa = PBXFileReference; explicitFileType = wrapper.application; path = FlowSplicePTY.app; sourceTree = BUILT_PRODUCTS_DIR; };
00000000000000000000002A = { isa = PBXShellScriptBuildPhase; alwaysOutOfDate = 1; buildActionMask = 2147483647; files = (); inputPaths = (); outputPaths = (); runOnlyForDeploymentPostprocessing = 0; shellPath = /bin/bash; shellScript = "\"${SRCROOT}/scripts/build-rust-apple.sh\""; };
000000000000000000000033 = { isa = PBXBuildFile; fileRef = 00000000000000000000000A; };
000000000000000000000034 = { isa = PBXBuildFile; fileRef = 00000000000000000000000B; };
000000000000000000000035 = { isa = PBXBuildFile; fileRef = 00000000000000000000000C; };
00000000000000000000002B = { isa = PBXSourcesBuildPhase; buildActionMask = 2147483647; files = (000000000000000000000503,000000000000000000000033,000000000000000000000034,000000000000000000000035); runOnlyForDeploymentPostprocessing = 0; };
00000000000000000000002C = { isa = PBXFrameworksBuildPhase; buildActionMask = 2147483647; files = (); runOnlyForDeploymentPostprocessing = 0; };
00000000000000000000002D = { isa = XCBuildConfiguration; buildSettings = { ASSETCATALOG_COMPILER_APPICON_NAME = "AppIcon-macOS"; SWIFT_ACTIVE_COMPILATION_CONDITIONS = DEBUG; PRODUCT_NAME = FlowSplicePTY; PRODUCT_BUNDLE_IDENTIFIER = io.zxf.flowsplice.pty.macos; SDKROOT = macosx; ARCHS = arm64; ONLY_ACTIVE_ARCH = YES; SWIFT_VERSION = 5.0; GENERATE_INFOPLIST_FILE = YES; INFOPLIST_KEY_CFBundleDisplayName = "FlowSplice PTY"; INFOPLIST_KEY_NSLocalNetworkUsageDescription = "连接您指定的 Relay 和远程终端服务。"; MARKETING_VERSION = 0.4.0; CURRENT_PROJECT_VERSION = 2; CODE_SIGN_STYLE = Automatic; ENABLE_USER_SCRIPT_SANDBOXING = NO; SWIFT_OBJC_BRIDGING_HEADER = "$(SRCROOT)/Sources/Bridge.h"; LIBRARY_SEARCH_PATHS = ("$(inherited)","$(BUILT_PRODUCTS_DIR)/rust"); OTHER_LDFLAGS = ("$(inherited)","-lflowsplice_pty_native","-framework",Security,"-framework",SystemConfiguration,"-framework",CoreFoundation,"-lc++"); SWIFT_OPTIMIZATION_LEVEL = "-Onone"; MACOSX_DEPLOYMENT_TARGET = 14.0; SUPPORTED_PLATFORMS = macosx; ENABLE_HARDENED_RUNTIME = YES; }; name = Debug; };
00000000000000000000002E = { isa = XCBuildConfiguration; buildSettings = { ASSETCATALOG_COMPILER_APPICON_NAME = "AppIcon-macOS"; PRODUCT_NAME = FlowSplicePTY; PRODUCT_BUNDLE_IDENTIFIER = io.zxf.flowsplice.pty.macos; SDKROOT = macosx; ARCHS = arm64; ONLY_ACTIVE_ARCH = YES; SWIFT_VERSION = 5.0; GENERATE_INFOPLIST_FILE = YES; INFOPLIST_KEY_CFBundleDisplayName = "FlowSplice PTY"; INFOPLIST_KEY_NSLocalNetworkUsageDescription = "连接您指定的 Relay 和远程终端服务。"; MARKETING_VERSION = 0.4.0; CURRENT_PROJECT_VERSION = 2; CODE_SIGN_STYLE = Automatic; ENABLE_USER_SCRIPT_SANDBOXING = NO; SWIFT_OBJC_BRIDGING_HEADER = "$(SRCROOT)/Sources/Bridge.h"; LIBRARY_SEARCH_PATHS = ("$(inherited)","$(BUILT_PRODUCTS_DIR)/rust"); OTHER_LDFLAGS = ("$(inherited)","-lflowsplice_pty_native","-framework",Security,"-framework",SystemConfiguration,"-framework",CoreFoundation,"-lc++"); SWIFT_OPTIMIZATION_LEVEL = "-O"; MACOSX_DEPLOYMENT_TARGET = 14.0; SUPPORTED_PLATFORMS = macosx; ENABLE_HARDENED_RUNTIME = YES; }; name = Release; };
000000000000000000000029 = { isa = XCConfigurationList; buildConfigurations = (00000000000000000000002D,00000000000000000000002E); defaultConfigurationIsVisible = 0; defaultConfigurationName = Release; };
000000000000000000000005 = { isa = XCBuildConfiguration; buildSettings = { SWIFT_ACTIVE_COMPILATION_CONDITIONS = DEBUG; CLANG_ENABLE_MODULES = YES; }; name = Debug; };
000000000000000000000006 = { isa = XCBuildConfiguration; buildSettings = { CLANG_ENABLE_MODULES = YES; }; name = Release; };
000000000000000000000004 = { isa = XCConfigurationList; buildConfigurations = (000000000000000000000005,000000000000000000000006); defaultConfigurationIsVisible = 0; defaultConfigurationName = Release; };
000000000000000000000001 = { isa = PBXProject; attributes = { LastUpgradeCheck = 1600; }; buildConfigurationList = 000000000000000000000004; compatibilityVersion = "Xcode 14.0"; developmentRegion = en; knownRegions = (en,Base); mainGroup = 000000000000000000000002; productRefGroup = 000000000000000000000003; projectDirPath = ""; projectRoot = ""; targets = (0000000000000000000004B0,00000000000000000000044C,000000000000000000000014,000000000000000000000028); };
000000000000000000000023 = { isa = PBXBuildFile; fileRef = 00000000000000000000000D; };
000000000000000000000022 = { isa = PBXResourcesBuildPhase; buildActionMask = 2147483647; files = (000000000000000000000023); runOnlyForDeploymentPostprocessing = 0; };
000000000000000000000037 = { isa = PBXBuildFile; fileRef = 00000000000000000000000D; };
000000000000000000000036 = { isa = PBXResourcesBuildPhase; buildActionMask = 2147483647; files = (000000000000000000000037); runOnlyForDeploymentPostprocessing = 0; };
}; rootObject = 000000000000000000000001; }
