// !$*UTF8*$!
{
	archiveVersion = 1;
	classes = {
	};
	objectVersion = 77;
	objects = {

/* Begin PBXBuildFile section */
		F51000010000000000000001 /* TravelActivityAttributes.swift in Sources */ = {isa = PBXBuildFile; fileRef = F51000110000000000000011 /* TravelActivityAttributes.swift */; };
		F51000020000000000000002 /* TravelActivityAttributes.swift in Sources */ = {isa = PBXBuildFile; fileRef = F51000110000000000000011 /* TravelActivityAttributes.swift */; };
		F51000030000000000000003 /* FlowSpliceTravelWidgets.swift in Sources */ = {isa = PBXBuildFile; fileRef = F51000120000000000000012 /* FlowSpliceTravelWidgets.swift */; };
		F51000040000000000000004 /* FlowSpliceTravelLiveActivity.swift in Sources */ = {isa = PBXBuildFile; fileRef = F51000130000000000000013 /* FlowSpliceTravelLiveActivity.swift */; };
		F51000050000000000000005 /* FlowSpliceTravelWidgets.appex in Embed Foundation Extensions */ = {isa = PBXBuildFile; fileRef = F51000150000000000000015 /* FlowSpliceTravelWidgets.appex */; settings = {ATTRIBUTES = (CodeSignOnCopy, RemoveHeadersOnCopy, ); }; };
		F51000060000000000000006 /* Assets.xcassets in Resources */ = {isa = PBXBuildFile; fileRef = F51000160000000000000016 /* Assets.xcassets */; };
/* End PBXBuildFile section */

/* Begin PBXContainerItemProxy section */
		C5EA5B9D303D406A00B33B94 /* PBXContainerItemProxy */ = {
			isa = PBXContainerItemProxy;
			containerPortal = C5EA5B87303D406900B33B94 /* Project object */;
			proxyType = 1;
			remoteGlobalIDString = C5EA5B8E303D406900B33B94;
			remoteInfo = FlowSpliceTravel;
		};
		C5EA5BA7303D406A00B33B94 /* PBXContainerItemProxy */ = {
			isa = PBXContainerItemProxy;
			containerPortal = C5EA5B87303D406900B33B94 /* Project object */;
			proxyType = 1;
			remoteGlobalIDString = C5EA5B8E303D406900B33B94;
			remoteInfo = FlowSpliceTravel;
		};
		F51000420000000000000042 /* PBXContainerItemProxy */ = {
			isa = PBXContainerItemProxy;
			containerPortal = C5EA5B87303D406900B33B94 /* Project object */;
			proxyType = 1;
			remoteGlobalIDString = F51000410000000000000041;
			remoteInfo = FlowSpliceTravelWidgets;
		};
/* End PBXContainerItemProxy section */

/* Begin PBXCopyFilesBuildPhase section */
		F51000310000000000000031 /* Embed Foundation Extensions */ = {
			isa = PBXCopyFilesBuildPhase;
			buildActionMask = 2147483647;
			dstPath = "";
			dstSubfolderSpec = 13;
			files = (
				F51000050000000000000005 /* FlowSpliceTravelWidgets.appex in Embed Foundation Extensions */,
			);
			name = "Embed Foundation Extensions";
			runOnlyForDeploymentPostprocessing = 0;
		};
/* End PBXCopyFilesBuildPhase section */

/* Begin PBXFileReference section */
		C5EA5B8F303D406900B33B94 /* FlowSpliceTravel.app */ = {isa = PBXFileReference; explicitFileType = wrapper.application; includeInIndex = 0; path = FlowSpliceTravel.app; sourceTree = BUILT_PRODUCTS_DIR; };
		C5EA5B9C303D406A00B33B94 /* FlowSpliceTravelTests.xctest */ = {isa = PBXFileReference; explicitFileType = wrapper.cfbundle; includeInIndex = 0; path = FlowSpliceTravelTests.xctest; sourceTree = BUILT_PRODUCTS_DIR; };
		C5EA5BA6303D406A00B33B94 /* FlowSpliceTravelUITests.xctest */ = {isa = PBXFileReference; explicitFileType = wrapper.cfbundle; includeInIndex = 0; path = FlowSpliceTravelUITests.xctest; sourceTree = BUILT_PRODUCTS_DIR; };
		F51000110000000000000011 /* TravelActivityAttributes.swift */ = {isa = PBXFileReference; lastKnownFileType = sourcecode.swift; path = TravelActivityAttributes.swift; sourceTree = "<group>"; };
		F51000120000000000000012 /* FlowSpliceTravelWidgets.swift */ = {isa = PBXFileReference; lastKnownFileType = sourcecode.swift; path = FlowSpliceTravelWidgets.swift; sourceTree = "<group>"; };
		F51000130000000000000013 /* FlowSpliceTravelLiveActivity.swift */ = {isa = PBXFileReference; lastKnownFileType = sourcecode.swift; path = FlowSpliceTravelLiveActivity.swift; sourceTree = "<group>"; };
		F51000140000000000000014 /* Info.plist */ = {isa = PBXFileReference; lastKnownFileType = text.plist.xml; path = Info.plist; sourceTree = "<group>"; };
		F51000150000000000000015 /* FlowSpliceTravelWidgets.appex */ = {isa = PBXFileReference; explicitFileType = "wrapper.app-extension"; includeInIndex = 0; path = FlowSpliceTravelWidgets.appex; sourceTree = BUILT_PRODUCTS_DIR; };
		F51000160000000000000016 /* Assets.xcassets */ = {isa = PBXFileReference; lastKnownFileType = folder.assetcatalog; path = Assets.xcassets; sourceTree = "<group>"; };
/* End PBXFileReference section */

/* Begin PBXFileSystemSynchronizedBuildFileExceptionSet section */
		F51000610000000000000061 /* Exceptions for "FlowSpliceTravel" folder in "FlowSpliceTravel" target */ = {
			isa = PBXFileSystemSynchronizedBuildFileExceptionSet;
			membershipExceptions = (
				Info.plist,
			);
			target = C5EA5B8E303D406900B33B94 /* FlowSpliceTravel */;
		};
/* End PBXFileSystemSynchronizedBuildFileExceptionSet section */

/* Begin PBXFileSystemSynchronizedRootGroup section */
		C5EA5B91303D406900B33B94 /* FlowSpliceTravel */ = {
			isa = PBXFileSystemSynchronizedRootGroup;
			exceptions = (
				F51000610000000000000061 /* Exceptions for "FlowSpliceTravel" folder in "FlowSpliceTravel" target */,
			);
			path = FlowSpliceTravel;
			sourceTree = "<group>";
		};
		C5EA5B9F303D406A00B33B94 /* FlowSpliceTravelTests */ = {
			isa = PBXFileSystemSynchronizedRootGroup;
			path = FlowSpliceTravelTests;
			sourceTree = "<group>";
		};
		C5EA5BA9303D406A00B33B94 /* FlowSpliceTravelUITests */ = {
			isa = PBXFileSystemSynchronizedRootGroup;
			path = FlowSpliceTravelUITests;
			sourceTree = "<group>";
		};
/* End PBXFileSystemSynchronizedRootGroup section */

/* Begin PBXFrameworksBuildPhase section */
		C5EA5B8C303D406900B33B94 /* Frameworks */ = {
			isa = PBXFrameworksBuildPhase;
			buildActionMask = 2147483647;
			files = (
			);
			runOnlyForDeploymentPostprocessing = 0;
		};
		C5EA5B99303D406A00B33B94 /* Frameworks */ = {
			isa = PBXFrameworksBuildPhase;
			buildActionMask = 2147483647;
			files = (
			);
			runOnlyForDeploymentPostprocessing = 0;
		};
		C5EA5BA3303D406A00B33B94 /* Frameworks */ = {
			isa = PBXFrameworksBuildPhase;
			buildActionMask = 2147483647;
			files = (
			);
			runOnlyForDeploymentPostprocessing = 0;
		};
		F51000320000000000000032 /* Frameworks */ = {
			isa = PBXFrameworksBuildPhase;
			buildActionMask = 2147483647;
			files = (
			);
			runOnlyForDeploymentPostprocessing = 0;
		};
/* End PBXFrameworksBuildPhase section */

/* Begin PBXGroup section */
		C5EA5B86303D406900B33B94 = {
			isa = PBXGroup;
			children = (
				C5EA5B91303D406900B33B94 /* FlowSpliceTravel */,
				F51000210000000000000021 /* FlowSpliceTravelShared */,
				F51000220000000000000022 /* FlowSpliceTravelWidgets */,
				C5EA5B9F303D406A00B33B94 /* FlowSpliceTravelTests */,
				C5EA5BA9303D406A00B33B94 /* FlowSpliceTravelUITests */,
				C5EA5B90303D406900B33B94 /* Products */,
			);
			sourceTree = "<group>";
		};
		C5EA5B90303D406900B33B94 /* Products */ = {
			isa = PBXGroup;
			children = (
				C5EA5B8F303D406900B33B94 /* FlowSpliceTravel.app */,
				C5EA5B9C303D406A00B33B94 /* FlowSpliceTravelTests.xctest */,
				C5EA5BA6303D406A00B33B94 /* FlowSpliceTravelUITests.xctest */,
				F51000150000000000000015 /* FlowSpliceTravelWidgets.appex */,
			);
			name = Products;
			sourceTree = "<group>";
		};
		F51000210000000000000021 /* FlowSpliceTravelShared */ = {
			isa = PBXGroup;
			children = (
				F51000110000000000000011 /* TravelActivityAttributes.swift */,
			);
			path = FlowSpliceTravelShared;
			sourceTree = "<group>";
		};
		F51000220000000000000022 /* FlowSpliceTravelWidgets */ = {
			isa = PBXGroup;
			children = (
				F51000120000000000000012 /* FlowSpliceTravelWidgets.swift */,
				F51000130000000000000013 /* FlowSpliceTravelLiveActivity.swift */,
				F51000140000000000000014 /* Info.plist */,
				F51000160000000000000016 /* Assets.xcassets */,
			);
			path = FlowSpliceTravelWidgets;
			sourceTree = "<group>";
		};
/* End PBXGroup section */

/* Begin PBXNativeTarget section */
		C5EA5B8E303D406900B33B94 /* FlowSpliceTravel */ = {
			isa = PBXNativeTarget;
			buildConfigurationList = C5EA5BB0303D406A00B33B94 /* Build configuration list for PBXNativeTarget "FlowSpliceTravel" */;
			buildPhases = (
				C5EA5BC0303D406A00B33B94 /* Build Rust Core */,
				C5EA5B8B303D406900B33B94 /* Sources */,
				C5EA5B8C303D406900B33B94 /* Frameworks */,
				C5EA5B8D303D406900B33B94 /* Resources */,
				F51000310000000000000031 /* Embed Foundation Extensions */,
			);
			buildRules = (
			);
			dependencies = (
				F51000430000000000000043 /* PBXTargetDependency */,
			);
			fileSystemSynchronizedGroups = (
				C5EA5B91303D406900B33B94 /* FlowSpliceTravel */,
			);
			name = FlowSpliceTravel;
			packageProductDependencies = (
			);
			productName = FlowSpliceTravel;
			productReference = C5EA5B8F303D406900B33B94 /* FlowSpliceTravel.app */;
			productType = "com.apple.product-type.application";
		};
		C5EA5B9B303D406A00B33B94 /* FlowSpliceTravelTests */ = {
			isa = PBXNativeTarget;
			buildConfigurationList = C5EA5BB3303D406A00B33B94 /* Build configuration list for PBXNativeTarget "FlowSpliceTravelTests" */;
			buildPhases = (
				C5EA5B98303D406A00B33B94 /* Sources */,
				C5EA5B99303D406A00B33B94 /* Frameworks */,
				C5EA5B9A303D406A00B33B94 /* Resources */,
			);
			buildRules = (
			);
			dependencies = (
				C5EA5B9E303D406A00B33B94 /* PBXTargetDependency */,
			);
			fileSystemSynchronizedGroups = (
				C5EA5B9F303D406A00B33B94 /* FlowSpliceTravelTests */,
			);
			name = FlowSpliceTravelTests;
			packageProductDependencies = (
			);
			productName = FlowSpliceTravelTests;
			productReference = C5EA5B9C303D406A00B33B94 /* FlowSpliceTravelTests.xctest */;
			productType = "com.apple.product-type.bundle.unit-test";
		};
		C5EA5BA5303D406A00B33B94 /* FlowSpliceTravelUITests */ = {
			isa = PBXNativeTarget;
			buildConfigurationList = C5EA5BB6303D406A00B33B94 /* Build configuration list for PBXNativeTarget "FlowSpliceTravelUITests" */;
			buildPhases = (
				C5EA5BA2303D406A00B33B94 /* Sources */,
				C5EA5BA3303D406A00B33B94 /* Frameworks */,
				C5EA5BA4303D406A00B33B94 /* Resources */,
			);
			buildRules = (
			);
			dependencies = (
				C5EA5BA8303D406A00B33B94 /* PBXTargetDependency */,
			);
			fileSystemSynchronizedGroups = (
				C5EA5BA9303D406A00B33B94 /* FlowSpliceTravelUITests */,
			);
			name = FlowSpliceTravelUITests;
			packageProductDependencies = (
			);
			productName = FlowSpliceTravelUITests;
			productReference = C5EA5BA6303D406A00B33B94 /* FlowSpliceTravelUITests.xctest */;
			productType = "com.apple.product-type.bundle.ui-testing";
		};
		F51000410000000000000041 /* FlowSpliceTravelWidgets */ = {
			isa = PBXNativeTarget;
			buildConfigurationList = F51000530000000000000053 /* Build configuration list for PBXNativeTarget "FlowSpliceTravelWidgets" */;
			buildPhases = (
				F51000340000000000000034 /* Sources */,
				F51000320000000000000032 /* Frameworks */,
				F51000330000000000000033 /* Resources */,
			);
			buildRules = (
			);
			dependencies = (
			);
			name = FlowSpliceTravelWidgets;
			packageProductDependencies = (
			);
			productName = FlowSpliceTravelWidgets;
			productReference = F51000150000000000000015 /* FlowSpliceTravelWidgets.appex */;
			productType = "com.apple.product-type.app-extension";
		};
/* End PBXNativeTarget section */

/* Begin PBXProject section */
		C5EA5B87303D406900B33B94 /* Project object */ = {
			isa = PBXProject;
			attributes = {
				BuildIndependentTargetsInParallel = 1;
				LastSwiftUpdateCheck = 2660;
				LastUpgradeCheck = 2660;
				TargetAttributes = {
					C5EA5B8E303D406900B33B94 = {
						CreatedOnToolsVersion = 26.6;
					};
					C5EA5B9B303D406A00B33B94 = {
						CreatedOnToolsVersion = 26.6;
						TestTargetID = C5EA5B8E303D406900B33B94;
					};
					C5EA5BA5303D406A00B33B94 = {
						CreatedOnToolsVersion = 26.6;
						TestTargetID = C5EA5B8E303D406900B33B94;
					};
					F51000410000000000000041 = {
						CreatedOnToolsVersion = 26.6;
					};
				};
			};
			buildConfigurationList = C5EA5B8A303D406900B33B94 /* Build configuration list for PBXProject "FlowSpliceTravel" */;
			developmentRegion = en;
			hasScannedForEncodings = 0;
			knownRegions = (
				en,
				Base,
			);
			mainGroup = C5EA5B86303D406900B33B94;
			minimizedProjectReferenceProxies = 1;
			preferredProjectObjectVersion = 77;
			productRefGroup = C5EA5B90303D406900B33B94 /* Products */;
			projectDirPath = "";
			projectRoot = "";
			targets = (
				C5EA5B8E303D406900B33B94 /* FlowSpliceTravel */,
				C5EA5B9B303D406A00B33B94 /* FlowSpliceTravelTests */,
				C5EA5BA5303D406A00B33B94 /* FlowSpliceTravelUITests */,
				F51000410000000000000041 /* FlowSpliceTravelWidgets */,
			);
		};
/* End PBXProject section */

/* Begin PBXResourcesBuildPhase section */
		C5EA5B8D303D406900B33B94 /* Resources */ = {
			isa = PBXResourcesBuildPhase;
			buildActionMask = 2147483647;
			files = (
			);
			runOnlyForDeploymentPostprocessing = 0;
		};
		C5EA5B9A303D406A00B33B94 /* Resources */ = {
			isa = PBXResourcesBuildPhase;
			buildActionMask = 2147483647;
			files = (
			);
			runOnlyForDeploymentPostprocessing = 0;
		};
		C5EA5BA4303D406A00B33B94 /* Resources */ = {
			isa = PBXResourcesBuildPhase;
			buildActionMask = 2147483647;
			files = (
			);
			runOnlyForDeploymentPostprocessing = 0;
		};
		F51000330000000000000033 /* Resources */ = {
			isa = PBXResourcesBuildPhase;
			buildActionMask = 2147483647;
			files = (
				F51000060000000000000006 /* Assets.xcassets in Resources */,
			);
			runOnlyForDeploymentPostprocessing = 0;
		};
/* End PBXResourcesBuildPhase section */

/* Begin PBXShellScriptBuildPhase section */
		C5EA5BC0303D406A00B33B94 /* Build Rust Core */ = {
			isa = PBXShellScriptBuildPhase;
			alwaysOutOfDate = 1;
			buildActionMask = 2147483647;
			files = (
			);
			inputFileListPaths = (
			);
			inputPaths = (
			);
			name = "Build Rust Core";
			outputFileListPaths = (
			);
			outputPaths = (
			);
			runOnlyForDeploymentPostprocessing = 0;
			shellPath = /bin/sh;
			shellScript = "\"${SRCROOT}/scripts/build-rust-apple.sh\"\n";
		};
/* End PBXShellScriptBuildPhase section */

/* Begin PBXSourcesBuildPhase section */
		C5EA5B8B303D406900B33B94 /* Sources */ = {
			isa = PBXSourcesBuildPhase;
			buildActionMask = 2147483647;
			files = (
				F51000010000000000000001 /* TravelActivityAttributes.swift in Sources */,
			);
			runOnlyForDeploymentPostprocessing = 0;
		};
		C5EA5B98303D406A00B33B94 /* Sources */ = {
			isa = PBXSourcesBuildPhase;
			buildActionMask = 2147483647;
			files = (
			);
			runOnlyForDeploymentPostprocessing = 0;
		};
		C5EA5BA2303D406A00B33B94 /* Sources */ = {
			isa = PBXSourcesBuildPhase;
			buildActionMask = 2147483647;
			files = (
			);
			runOnlyForDeploymentPostprocessing = 0;
		};
		F51000340000000000000034 /* Sources */ = {
			isa = PBXSourcesBuildPhase;
			buildActionMask = 2147483647;
			files = (
				F51000020000000000000002 /* TravelActivityAttributes.swift in Sources */,
				F51000030000000000000003 /* FlowSpliceTravelWidgets.swift in Sources */,
				F51000040000000000000004 /* FlowSpliceTravelLiveActivity.swift in Sources */,
			);
			runOnlyForDeploymentPostprocessing = 0;
		};
/* End PBXSourcesBuildPhase section */

/* Begin PBXTargetDependency section */
		C5EA5B9E303D406A00B33B94 /* PBXTargetDependency */ = {
			isa = PBXTargetDependency;
			target = C5EA5B8E303D406900B33B94 /* FlowSpliceTravel */;
			targetProxy = C5EA5B9D303D406A00B33B94 /* PBXContainerItemProxy */;
		};
		C5EA5BA8303D406A00B33B94 /* PBXTargetDependency */ = {
			isa = PBXTargetDependency;
			target = C5EA5B8E303D406900B33B94 /* FlowSpliceTravel */;
			targetProxy = C5EA5BA7303D406A00B33B94 /* PBXContainerItemProxy */;
		};
		F51000430000000000000043 /* PBXTargetDependency */ = {
			isa = PBXTargetDependency;
			target = F51000410000000000000041 /* FlowSpliceTravelWidgets */;
			targetProxy = F51000420000000000000042 /* PBXContainerItemProxy */;
		};
/* End PBXTargetDependency section */

/* Begin XCBuildConfiguration section */
		C5EA5BAE303D406A00B33B94 /* Debug */ = {
			isa = XCBuildConfiguration;
			buildSettings = {
				ALWAYS_SEARCH_USER_PATHS = NO;
				ASSETCATALOG_COMPILER_GENERATE_SWIFT_ASSET_SYMBOL_EXTENSIONS = YES;
				CLANG_ANALYZER_NONNULL = YES;
				CLANG_ANALYZER_NUMBER_OBJECT_CONVERSION = YES_AGGRESSIVE;
				CLANG_CXX_LANGUAGE_STANDARD = "gnu++20";
				CLANG_ENABLE_MODULES = YES;
				CLANG_ENABLE_OBJC_ARC = YES;
				CLANG_ENABLE_OBJC_WEAK = YES;
				CLANG_WARN_BLOCK_CAPTURE_AUTORELEASING = YES;
				CLANG_WARN_BOOL_CONVERSION = YES;
				CLANG_WARN_COMMA = YES;
				CLANG_WARN_CONSTANT_CONVERSION = YES;
				CLANG_WARN_DEPRECATED_OBJC_IMPLEMENTATIONS = YES;
				CLANG_WARN_DIRECT_OBJC_ISA_USAGE = YES_ERROR;
				CLANG_WARN_DOCUMENTATION_COMMENTS = YES;
				CLANG_WARN_EMPTY_BODY = YES;
				CLANG_WARN_ENUM_CONVERSION = YES;
				CLANG_WARN_INFINITE_RECURSION = YES;
				CLANG_WARN_INT_CONVERSION = YES;
				CLANG_WARN_NON_LITERAL_NULL_CONVERSION = YES;
				CLANG_WARN_OBJC_IMPLICIT_RETAIN_SELF = YES;
				CLANG_WARN_OBJC_LITERAL_CONVERSION = YES;
				CLANG_WARN_OBJC_ROOT_CLASS = YES_ERROR;
				CLANG_WARN_QUOTED_INCLUDE_IN_FRAMEWORK_HEADER = YES;
				CLANG_WARN_RANGE_LOOP_ANALYSIS = YES;
				CLANG_WARN_STRICT_PROTOTYPES = YES;
				CLANG_WARN_SUSPICIOUS_MOVE = YES;
				CLANG_WARN_UNGUARDED_AVAILABILITY = YES_AGGRESSIVE;
				CLANG_WARN_UNREACHABLE_CODE = YES;
				CLANG_WARN__DUPLICATE_METHOD_MATCH = YES;
				COPY_PHASE_STRIP = NO;
				DEBUG_INFORMATION_FORMAT = dwarf;
				ENABLE_STRICT_OBJC_MSGSEND = YES;
				ENABLE_TESTABILITY = YES;
				ENABLE_USER_SCRIPT_SANDBOXING = YES;
				GCC_C_LANGUAGE_STANDARD = gnu17;
				GCC_DYNAMIC_NO_PIC = NO;
				GCC_NO_COMMON_BLOCKS = YES;
				GCC_OPTIMIZATION_LEVEL = 0;
				GCC_PREPROCESSOR_DEFINITIONS = (
					"DEBUG=1",
					"$(inherited)",
				);
				GCC_WARN_64_TO_32_BIT_CONVERSION = YES;
				GCC_WARN_ABOUT_RETURN_TYPE = YES_ERROR;
				GCC_WARN_UNDECLARED_SELECTOR = YES;
				GCC_WARN_UNINITIALIZED_AUTOS = YES_AGGRESSIVE;
				GCC_WARN_UNUSED_FUNCTION = YES;
				GCC_WARN_UNUSED_VARIABLE = YES;
				IPHONEOS_DEPLOYMENT_TARGET = 17.0;
				LOCALIZATION_PREFERS_STRING_CATALOGS = YES;
				MTL_ENABLE_DEBUG_INFO = INCLUDE_SOURCE;
				MTL_FAST_MATH = YES;
				ONLY_ACTIVE_ARCH = YES;
				SDKROOT = iphoneos;
				SWIFT_ACTIVE_COMPILATION_CONDITIONS = "DEBUG $(inherited)";
				SWIFT_OPTIMIZATION_LEVEL = "-Onone";
			};
			name = Debug;
		};
		C5EA5BAF303D406A00B33B94 /* Release */ = {
			isa = XCBuildConfiguration;
			buildSettings = {
				ALWAYS_SEARCH_USER_PATHS = NO;
				ASSETCATALOG_COMPILER_GENERATE_SWIFT_ASSET_SYMBOL_EXTENSIONS = YES;
				CLANG_ANALYZER_NONNULL = YES;
				CLANG_ANALYZER_NUMBER_OBJECT_CONVERSION = YES_AGGRESSIVE;
				CLANG_CXX_LANGUAGE_STANDARD = "gnu++20";
				CLANG_ENABLE_MODULES = YES;
				CLANG_ENABLE_OBJC_ARC = YES;
				CLANG_ENABLE_OBJC_WEAK = YES;
				CLANG_WARN_BLOCK_CAPTURE_AUTORELEASING = YES;
				CLANG_WARN_BOOL_CONVERSION = YES;
				CLANG_WARN_COMMA = YES;
				CLANG_WARN_CONSTANT_CONVERSION = YES;
				CLANG_WARN_DEPRECATED_OBJC_IMPLEMENTATIONS = YES;
				CLANG_WARN_DIRECT_OBJC_ISA_USAGE = YES_ERROR;
				CLANG_WARN_DOCUMENTATION_COMMENTS = YES;
				CLANG_WARN_EMPTY_BODY = YES;
				CLANG_WARN_ENUM_CONVERSION = YES;
				CLANG_WARN_INFINITE_RECURSION = YES;
				CLANG_WARN_INT_CONVERSION = YES;
				CLANG_WARN_NON_LITERAL_NULL_CONVERSION = YES;
				CLANG_WARN_OBJC_IMPLICIT_RETAIN_SELF = YES;
				CLANG_WARN_OBJC_LITERAL_CONVERSION = YES;
				CLANG_WARN_OBJC_ROOT_CLASS = YES_ERROR;
				CLANG_WARN_QUOTED_INCLUDE_IN_FRAMEWORK_HEADER = YES;
				CLANG_WARN_RANGE_LOOP_ANALYSIS = YES;
				CLANG_WARN_STRICT_PROTOTYPES = YES;
				CLANG_WARN_SUSPICIOUS_MOVE = YES;
				CLANG_WARN_UNGUARDED_AVAILABILITY = YES_AGGRESSIVE;
				CLANG_WARN_UNREACHABLE_CODE = YES;
				CLANG_WARN__DUPLICATE_METHOD_MATCH = YES;
				COPY_PHASE_STRIP = NO;
				DEBUG_INFORMATION_FORMAT = "dwarf-with-dsym";
				ENABLE_NS_ASSERTIONS = NO;
				ENABLE_STRICT_OBJC_MSGSEND = YES;
				ENABLE_USER_SCRIPT_SANDBOXING = YES;
				GCC_C_LANGUAGE_STANDARD = gnu17;
				GCC_NO_COMMON_BLOCKS = YES;
				GCC_WARN_64_TO_32_BIT_CONVERSION = YES;
				GCC_WARN_ABOUT_RETURN_TYPE = YES_ERROR;
				GCC_WARN_UNDECLARED_SELECTOR = YES;
				GCC_WARN_UNINITIALIZED_AUTOS = YES_AGGRESSIVE;
				GCC_WARN_UNUSED_FUNCTION = YES;
				GCC_WARN_UNUSED_VARIABLE = YES;
				IPHONEOS_DEPLOYMENT_TARGET = 17.0;
				LOCALIZATION_PREFERS_STRING_CATALOGS = YES;
				MTL_ENABLE_DEBUG_INFO = NO;
				MTL_FAST_MATH = YES;
				SDKROOT = iphoneos;
				SWIFT_COMPILATION_MODE = wholemodule;
				VALIDATE_PRODUCT = YES;
			};
			name = Release;
		};
		C5EA5BB1303D406A00B33B94 /* Debug */ = {
			isa = XCBuildConfiguration;
			buildSettings = {
				ASSETCATALOG_COMPILER_APPICON_NAME = AppIcon;
				ASSETCATALOG_COMPILER_GLOBAL_ACCENT_COLOR_NAME = AccentColor;
				CODE_SIGN_STYLE = Automatic;
				CURRENT_PROJECT_VERSION = 1;
				ENABLE_PREVIEWS = YES;
				ENABLE_USER_SCRIPT_SANDBOXING = NO;
				"EXCLUDED_ARCHS[sdk=iphonesimulator*]" = x86_64;
				GENERATE_INFOPLIST_FILE = NO;
				INFOPLIST_FILE = FlowSpliceTravel/Info.plist;
				LD_RUNPATH_SEARCH_PATHS = (
					"$(inherited)",
					"@executable_path/Frameworks",
				);
				"LIBRARY_SEARCH_PATHS[sdk=iphoneos*]" = "$(SRCROOT)/../../target/aarch64-apple-ios/debug";
				"LIBRARY_SEARCH_PATHS[sdk=iphonesimulator*]" = "$(SRCROOT)/../../target/aarch64-apple-ios-sim/debug";
				MARKETING_VERSION = 0.3.1;
				OTHER_LDFLAGS = (
					"$(inherited)",
					"-lflowsplice_travel_apple",
				);
				PRODUCT_BUNDLE_IDENTIFIER = io.zxf.flowsplice.travel;
				PRODUCT_NAME = "$(TARGET_NAME)";
				STRING_CATALOG_GENERATE_SYMBOLS = YES;
				SWIFT_APPROACHABLE_CONCURRENCY = YES;
				SWIFT_DEFAULT_ACTOR_ISOLATION = MainActor;
				SWIFT_EMIT_LOC_STRINGS = YES;
				SWIFT_OBJC_BRIDGING_HEADER = "FlowSpliceTravel/FlowSpliceTravel-Bridging-Header.h";
				SWIFT_UPCOMING_FEATURE_MEMBER_IMPORT_VISIBILITY = YES;
				SWIFT_VERSION = 5.0;
				TARGETED_DEVICE_FAMILY = "1,2";
			};
			name = Debug;
		};
		C5EA5BB2303D406A00B33B94 /* Release */ = {
			isa = XCBuildConfiguration;
			buildSettings = {
				ASSETCATALOG_COMPILER_APPICON_NAME = AppIcon;
				ASSETCATALOG_COMPILER_GLOBAL_ACCENT_COLOR_NAME = AccentColor;
				CODE_SIGN_STYLE = Automatic;
				CURRENT_PROJECT_VERSION = 1;
				ENABLE_PREVIEWS = YES;
				ENABLE_USER_SCRIPT_SANDBOXING = NO;
				"EXCLUDED_ARCHS[sdk=iphonesimulator*]" = x86_64;
				GENERATE_INFOPLIST_FILE = NO;
				INFOPLIST_FILE = FlowSpliceTravel/Info.plist;
				LD_RUNPATH_SEARCH_PATHS = (
					"$(inherited)",
					"@executable_path/Frameworks",
				);
				"LIBRARY_SEARCH_PATHS[sdk=iphoneos*]" = "$(SRCROOT)/../../target/aarch64-apple-ios/release";
				"LIBRARY_SEARCH_PATHS[sdk=iphonesimulator*]" = "$(SRCROOT)/../../target/aarch64-apple-ios-sim/release";
				MARKETING_VERSION = 0.3.1;
				OTHER_LDFLAGS = (
					"$(inherited)",
					"-lflowsplice_travel_apple",
				);
				PRODUCT_BUNDLE_IDENTIFIER = io.zxf.flowsplice.travel;
				PRODUCT_NAME = "$(TARGET_NAME)";
				STRING_CATALOG_GENERATE_SYMBOLS = YES;
				SWIFT_APPROACHABLE_CONCURRENCY = YES;
				SWIFT_DEFAULT_ACTOR_ISOLATION = MainActor;
				SWIFT_EMIT_LOC_STRINGS = YES;
				SWIFT_OBJC_BRIDGING_HEADER = "FlowSpliceTravel/FlowSpliceTravel-Bridging-Header.h";
				SWIFT_UPCOMING_FEATURE_MEMBER_IMPORT_VISIBILITY = YES;
				SWIFT_VERSION = 5.0;
				TARGETED_DEVICE_FAMILY = "1,2";
			};
			name = Release;
		};
		C5EA5BB4303D406A00B33B94 /* Debug */ = {
			isa = XCBuildConfiguration;
			buildSettings = {
				BUNDLE_LOADER = "$(TEST_HOST)";
				CODE_SIGN_STYLE = Automatic;
				CURRENT_PROJECT_VERSION = 1;
				GENERATE_INFOPLIST_FILE = YES;
				IPHONEOS_DEPLOYMENT_TARGET = 17.0;
				MARKETING_VERSION = 0.3.1;
				PRODUCT_BUNDLE_IDENTIFIER = io.zxf.flowsplice.FlowSpliceTravelTests;
				PRODUCT_NAME = "$(TARGET_NAME)";
				STRING_CATALOG_GENERATE_SYMBOLS = NO;
				SWIFT_APPROACHABLE_CONCURRENCY = YES;
				SWIFT_EMIT_LOC_STRINGS = NO;
				SWIFT_UPCOMING_FEATURE_MEMBER_IMPORT_VISIBILITY = YES;
				SWIFT_VERSION = 5.0;
				TARGETED_DEVICE_FAMILY = "1,2";
				TEST_HOST = "$(BUILT_PRODUCTS_DIR)/FlowSpliceTravel.app/$(BUNDLE_EXECUTABLE_FOLDER_PATH)/FlowSpliceTravel";
			};
			name = Debug;
		};
		C5EA5BB5303D406A00B33B94 /* Release */ = {
			isa = XCBuildConfiguration;
			buildSettings = {
				BUNDLE_LOADER = "$(TEST_HOST)";
				CODE_SIGN_STYLE = Automatic;
				CURRENT_PROJECT_VERSION = 1;
				GENERATE_INFOPLIST_FILE = YES;
				IPHONEOS_DEPLOYMENT_TARGET = 17.0;
				MARKETING_VERSION = 0.3.1;
				PRODUCT_BUNDLE_IDENTIFIER = io.zxf.flowsplice.FlowSpliceTravelTests;
				PRODUCT_NAME = "$(TARGET_NAME)";
				STRING_CATALOG_GENERATE_SYMBOLS = NO;
				SWIFT_APPROACHABLE_CONCURRENCY = YES;
				SWIFT_EMIT_LOC_STRINGS = NO;
				SWIFT_UPCOMING_FEATURE_MEMBER_IMPORT_VISIBILITY = YES;
				SWIFT_VERSION = 5.0;
				TARGETED_DEVICE_FAMILY = "1,2";
				TEST_HOST = "$(BUILT_PRODUCTS_DIR)/FlowSpliceTravel.app/$(BUNDLE_EXECUTABLE_FOLDER_PATH)/FlowSpliceTravel";
			};
			name = Release;
		};
		C5EA5BB7303D406A00B33B94 /* Debug */ = {
			isa = XCBuildConfiguration;
			buildSettings = {
				CODE_SIGN_STYLE = Automatic;
				CURRENT_PROJECT_VERSION = 1;
				GENERATE_INFOPLIST_FILE = YES;
				MARKETING_VERSION = 0.3.1;
				PRODUCT_BUNDLE_IDENTIFIER = io.zxf.flowsplice.FlowSpliceTravelUITests;
				PRODUCT_NAME = "$(TARGET_NAME)";
				STRING_CATALOG_GENERATE_SYMBOLS = NO;
				SWIFT_APPROACHABLE_CONCURRENCY = YES;
				SWIFT_EMIT_LOC_STRINGS = NO;
				SWIFT_UPCOMING_FEATURE_MEMBER_IMPORT_VISIBILITY = YES;
				SWIFT_VERSION = 5.0;
				TARGETED_DEVICE_FAMILY = "1,2";
				TEST_TARGET_NAME = FlowSpliceTravel;
			};
			name = Debug;
		};
		C5EA5BB8303D406A00B33B94 /* Release */ = {
			isa = XCBuildConfiguration;
			buildSettings = {
				CODE_SIGN_STYLE = Automatic;
				CURRENT_PROJECT_VERSION = 1;
				GENERATE_INFOPLIST_FILE = YES;
				MARKETING_VERSION = 0.3.1;
				PRODUCT_BUNDLE_IDENTIFIER = io.zxf.flowsplice.FlowSpliceTravelUITests;
				PRODUCT_NAME = "$(TARGET_NAME)";
				STRING_CATALOG_GENERATE_SYMBOLS = NO;
				SWIFT_APPROACHABLE_CONCURRENCY = YES;
				SWIFT_EMIT_LOC_STRINGS = NO;
				SWIFT_UPCOMING_FEATURE_MEMBER_IMPORT_VISIBILITY = YES;
				SWIFT_VERSION = 5.0;
				TARGETED_DEVICE_FAMILY = "1,2";
				TEST_TARGET_NAME = FlowSpliceTravel;
			};
			name = Release;
		};
		F51000510000000000000051 /* Debug */ = {
			isa = XCBuildConfiguration;
			buildSettings = {
				APPLICATION_EXTENSION_API_ONLY = YES;
				CODE_SIGN_STYLE = Automatic;
				CURRENT_PROJECT_VERSION = 1;
				GENERATE_INFOPLIST_FILE = NO;
				INFOPLIST_FILE = FlowSpliceTravelWidgets/Info.plist;
				IPHONEOS_DEPLOYMENT_TARGET = 17.0;
				LD_RUNPATH_SEARCH_PATHS = (
					"$(inherited)",
					"@executable_path/Frameworks",
					"@executable_path/../../Frameworks",
				);
				MARKETING_VERSION = 0.3.1;
				PRODUCT_BUNDLE_IDENTIFIER = io.zxf.flowsplice.travel.widgets;
				PRODUCT_NAME = "$(TARGET_NAME)";
				SKIP_INSTALL = YES;
				STRING_CATALOG_GENERATE_SYMBOLS = NO;
				SWIFT_APPROACHABLE_CONCURRENCY = YES;
				SWIFT_DEFAULT_ACTOR_ISOLATION = MainActor;
				SWIFT_EMIT_LOC_STRINGS = YES;
				SWIFT_UPCOMING_FEATURE_MEMBER_IMPORT_VISIBILITY = YES;
				SWIFT_VERSION = 5.0;
				TARGETED_DEVICE_FAMILY = "1,2";
			};
			name = Debug;
		};
		F51000520000000000000052 /* Release */ = {
			isa = XCBuildConfiguration;
			buildSettings = {
				APPLICATION_EXTENSION_API_ONLY = YES;
				CODE_SIGN_STYLE = Automatic;
				CURRENT_PROJECT_VERSION = 1;
				GENERATE_INFOPLIST_FILE = NO;
				INFOPLIST_FILE = FlowSpliceTravelWidgets/Info.plist;
				IPHONEOS_DEPLOYMENT_TARGET = 17.0;
				LD_RUNPATH_SEARCH_PATHS = (
					"$(inherited)",
					"@executable_path/Frameworks",
					"@executable_path/../../Frameworks",
				);
				MARKETING_VERSION = 0.3.1;
				PRODUCT_BUNDLE_IDENTIFIER = io.zxf.flowsplice.travel.widgets;
				PRODUCT_NAME = "$(TARGET_NAME)";
				SKIP_INSTALL = YES;
				STRING_CATALOG_GENERATE_SYMBOLS = NO;
				SWIFT_APPROACHABLE_CONCURRENCY = YES;
				SWIFT_DEFAULT_ACTOR_ISOLATION = MainActor;
				SWIFT_EMIT_LOC_STRINGS = YES;
				SWIFT_UPCOMING_FEATURE_MEMBER_IMPORT_VISIBILITY = YES;
				SWIFT_VERSION = 5.0;
				TARGETED_DEVICE_FAMILY = "1,2";
			};
			name = Release;
		};
/* End XCBuildConfiguration section */

/* Begin XCConfigurationList section */
		C5EA5B8A303D406900B33B94 /* Build configuration list for PBXProject "FlowSpliceTravel" */ = {
			isa = XCConfigurationList;
			buildConfigurations = (
				C5EA5BAE303D406A00B33B94 /* Debug */,
				C5EA5BAF303D406A00B33B94 /* Release */,
			);
			defaultConfigurationIsVisible = 0;
			defaultConfigurationName = Release;
		};
		C5EA5BB0303D406A00B33B94 /* Build configuration list for PBXNativeTarget "FlowSpliceTravel" */ = {
			isa = XCConfigurationList;
			buildConfigurations = (
				C5EA5BB1303D406A00B33B94 /* Debug */,
				C5EA5BB2303D406A00B33B94 /* Release */,
			);
			defaultConfigurationIsVisible = 0;
			defaultConfigurationName = Release;
		};
		C5EA5BB3303D406A00B33B94 /* Build configuration list for PBXNativeTarget "FlowSpliceTravelTests" */ = {
			isa = XCConfigurationList;
			buildConfigurations = (
				C5EA5BB4303D406A00B33B94 /* Debug */,
				C5EA5BB5303D406A00B33B94 /* Release */,
			);
			defaultConfigurationIsVisible = 0;
			defaultConfigurationName = Release;
		};
		C5EA5BB6303D406A00B33B94 /* Build configuration list for PBXNativeTarget "FlowSpliceTravelUITests" */ = {
			isa = XCConfigurationList;
			buildConfigurations = (
				C5EA5BB7303D406A00B33B94 /* Debug */,
				C5EA5BB8303D406A00B33B94 /* Release */,
			);
			defaultConfigurationIsVisible = 0;
			defaultConfigurationName = Release;
		};
		F51000530000000000000053 /* Build configuration list for PBXNativeTarget "FlowSpliceTravelWidgets" */ = {
			isa = XCConfigurationList;
			buildConfigurations = (
				F51000510000000000000051 /* Debug */,
				F51000520000000000000052 /* Release */,
			);
			defaultConfigurationIsVisible = 0;
			defaultConfigurationName = Release;
		};
/* End XCConfigurationList section */
	};
	rootObject = C5EA5B87303D406900B33B94 /* Project object */;
}
